// !$*UTF8*$!
{
	archiveVersion = 1;
	classes = {
	};
	objectVersion = 55;
	objects = {

/* Begin PBXBuildFile section */
		09134BF027437408001DE64F /* PageDataMode.swift in Sources */ = {isa = PBXBuildFile; fileRef = 09134BEF27437408001DE64F /* PageDataMode.swift */; };
		09134BF2274374A4001DE64F /* ComponentDataModel.swift in Sources */ = {isa = PBXBuildFile; fileRef = 09134BF1274374A4001DE64F /* ComponentDataModel.swift */; };
		093DD25F272BB44500B9C01F /* NetworkManager.swift in Sources */ = {isa = PBXBuildFile; fileRef = 093DD25E272BB44400B9C01F /* NetworkManager.swift */; };
		09788D132765418700B65611 /* FirstView.swift in Sources */ = {isa = PBXBuildFile; fileRef = 09788D122765418700B65611 /* FirstView.swift */; };
		09788D1527654B8000B65611 /* SecondView.swift in Sources */ = {isa = PBXBuildFile; fileRef = 09788D1427654B8000B65611 /* SecondView.swift */; };
		09A057FA274B836500A6B757 /* PageBuilder.swift in Sources */ = {isa = PBXBuildFile; fileRef = 09A057F9274B836500A6B757 /* PageBuilder.swift */; };
		09A057FC274C942F00A6B757 /* ItemDataModel.swift in Sources */ = {isa = PBXBuildFile; fileRef = 09A057FB274C942F00A6B757 /* ItemDataModel.swift */; };
		09A057FF274C972400A6B757 /* LabelView.swift in Sources */ = {isa = PBXBuildFile; fileRef = 09A057FE274C972400A6B757 /* LabelView.swift */; };
		09A05802274C974B00A6B757 /* LabelViewModel.swift in Sources */ = {isa = PBXBuildFile; fileRef = 09A05801274C974B00A6B757 /* LabelViewModel.swift */; };
		09F35D8D26FA51AB00966B20 /* ClientApp.swift in Sources */ = {isa = PBXBuildFile; fileRef = 09F35D8C26FA51AB00966B20 /* ClientApp.swift */; };
		09F35D8F26FA51AB00966B20 /* RootView.swift in Sources */ = {isa = PBXBuildFile; fileRef = 09F35D8E26FA51AB00966B20 /* RootView.swift */; };
		09F35D9126FA51AC00966B20 /* Assets.xcassets in Resources */ = {isa = PBXBuildFile; fileRef = 09F35D9026FA51AC00966B20 /* Assets.xcassets */; };
		09F35D9426FA51AC00966B20 /* Preview Assets.xcassets in Resources */ = {isa = PBXBuildFile; fileRef = 09F35D9326FA51AC00966B20 /* Preview Assets.xcassets */; };
/* End PBXBuildFile section */

/* Begin PBXFileReference section */
		09134BEF27437408001DE64F /* PageDataMode.swift */ = {isa = PBXFileReference; lastKnownFileType = sourcecode.swift; path = PageDataMode.swift; sourceTree = "<group>"; };
		09134BF1274374A4001DE64F /* ComponentDataModel.swift */ = {isa = PBXFileReference; lastKnownFileType = sourcecode.swift; path = ComponentDataModel.swift; sourceTree = "<group>"; };
		093DD25E272BB44400B9C01F /* NetworkManager.swift */ = {isa = PBXFileReference; lastKnownFileType = sourcecode.swift; path = NetworkManager.swift; sourceTree = "<group>"; };
		09788D122765418700B65611 /* FirstView.swift */ = {isa = PBXFileReference; lastKnownFileType = sourcecode.swift; path = FirstView.swift; sourceTree = "<group>"; };
		09788D1427654B8000B65611 /* SecondView.swift */ = {isa = PBXFileReference; lastKnownFileType = sourcecode.swift; path = SecondView.swift; sourceTree = "<group>"; };
		09A057F9274B836500A6B757 /* PageBuilder.swift */ = {isa = PBXFileReference; lastKnownFileType = sourcecode.swift; path = PageBuilder.swift; sourceTree = "<group>"; };
		09A057FB274C942F00A6B757 /* ItemDataModel.swift */ = {isa = PBXFileReference; lastKnownFileType = sourcecode.swift; path = ItemDataModel.swift; sourceTree = "<group>"; };
		09A057FE274C972400A6B757 /* LabelView.swift */ = {isa = PBXFileReference; lastKnownFileType = sourcecode.swift; path = LabelView.swift; sourceTree = "<group>"; };
		09A05801274C974B00A6B757 /* LabelViewModel.swift */ = {isa = PBXFileReference; lastKnownFileType = sourcecode.swift; path = LabelViewModel.swift; sourceTree = "<group>"; };
		09F35D8926FA51AB00966B20 /* Client.app */ = {isa = PBXFileReference; explicitFileType = wrapper.application; includeInIndex = 0; path = Client.app; sourceTree = BUILT_PRODUCTS_DIR; };
		09F35D8C26FA51AB00966B20 /* ClientApp.swift */ = {isa = PBXFileReference; lastKnownFileType = sourcecode.swift; path = ClientApp.swift; sourceTree = "<group>"; };
		09F35D8E26FA51AB00966B20 /* RootView.swift */ = {isa = PBXFileReference; lastKnownFileType = sourcecode.swift; path = RootView.swift; sourceTree = "<group>"; };
		09F35D9026FA51AC00966B20 /* Assets.xcassets */ = {isa = PBXFileReference; lastKnownFileType = folder.assetcatalog; path = Assets.xcassets; sourceTree = "<group>"; };
		09F35D9326FA51AC00966B20 /* Preview Assets.xcassets */ = {isa = PBXFileReference; lastKnownFileType = folder.assetcatalog; path = "Preview Assets.xcassets"; sourceTree = "<group>"; };
/* End PBXFileReference section */

/* Begin PBXFrameworksBuildPhase section */
		09F35D8626FA51AB00966B20 /* Frameworks */ = {
			isa = PBXFrameworksBuildPhase;
			buildActionMask = 2147483647;
			files = (
			);
			runOnlyForDeploymentPostprocessing = 0;
		};
/* End PBXFrameworksBuildPhase section */

/* Begin PBXGroup section */
		09134BF527438846001DE64F /* DataModels */ = {
			isa = PBXGroup;
			children = (
				09134BEF27437408001DE64F /* PageDataMode.swift */,
				09134BF1274374A4001DE64F /* ComponentDataModel.swift */,
				09A057FB274C942F00A6B757 /* ItemDataModel.swift */,
			);
			path = DataModels;
			sourceTree = "<group>";
		};
		09788D1027653F3800B65611 /* Button */ = {
			isa = PBXGroup;
			children = (
			);
			path = Button;
			sourceTree = "<group>";
		};
		09788D112765417000B65611 /* Views */ = {
			isa = PBXGroup;
			children = (
				09F35D8E26FA51AB00966B20 /* RootView.swift */,
				09788D122765418700B65611 /* FirstView.swift */,
				09788D1427654B8000B65611 /* SecondView.swift */,
			);
			path = Views;
			sourceTree = "<group>";
		};
		09A057FD274C96EB00A6B757 /* Components */ = {
			isa = PBXGroup;
			children = (
				09788D1027653F3800B65611 /* Button */,
				09A05800274C973200A6B757 /* Label */,
			);
			path = Components;
			sourceTree = "<group>";
		};
		09A05800274C973200A6B757 /* Label */ = {
			isa = PBXGroup;
			children = (
				09A057FE274C972400A6B757 /* LabelView.swift */,
				09A05801274C974B00A6B757 /* LabelViewModel.swift */,
			);
			path = Label;
			sourceTree = "<group>";
		};
		09F35D8026FA51AB00966B20 = {
			isa = PBXGroup;
			children = (
				09F35D8B26FA51AB00966B20 /* Client */,
				09F35D8A26FA51AB00966B20 /* Products */,
			);
			sourceTree = "<group>";
		};
		09F35D8A26FA51AB00966B20 /* Products */ = {
			isa = PBXGroup;
			children = (
				09F35D8926FA51AB00966B20 /* Client.app */,
			);
			name = Products;
			sourceTree = "<group>";
		};
		09F35D8B26FA51AB00966B20 /* Client */ = {
			isa = PBXGroup;
			children = (
				09F35D8C26FA51AB00966B20 /* ClientApp.swift */,
				09A057F9274B836500A6B757 /* PageBuilder.swift */,
				09A057FD274C96EB00A6B757 /* Components */,
				09134BF527438846001DE64F /* DataModels */,
				09788D112765417000B65611 /* Views */,
				093DD25E272BB44400B9C01F /* NetworkManager.swift */,
				09F35D9026FA51AC00966B20 /* Assets.xcassets */,
				09F35D9226FA51AC00966B20 /* Preview Content */,
			);
			path = Client;
			sourceTree = "<group>";
		};
		09F35D9226FA51AC00966B20 /* Preview Content */ = {
			isa = PBXGroup;
			children = (
				09F35D9326FA51AC00966B20 /* Preview Assets.xcassets */,
			);
			path = "Preview Content";
			sourceTree = "<group>";
		};
/* End PBXGroup section */

/* Begin PBXNativeTarget section */
		09F35D8826FA51AB00966B20 /* Client */ = {
			isa = PBXNativeTarget;
			buildConfigurationList = 09F35D9726FA51AC00966B20 /* Build configuration list for PBXNativeTarget "Client" */;
			buildPhases = (
				09F35D8526FA51AB00966B20 /* Sources */,
				09F35D8626FA51AB00966B20 /* Frameworks */,
				09F35D8726FA51AB00966B20 /* Resources */,
			);
			buildRules = (
			);
			dependencies = (
			);
			name = Client;
			productName = Client;
			productReference = 09F35D8926FA51AB00966B20 /* Client.app */;
			productType = "com.apple.product-type.application";
		};
/* End PBXNativeTarget section */

/* Begin PBXProject section */
		09F35D8126FA51AB00966B20 /* Project object */ = {
			isa = PBXProject;
			attributes = {
				BuildIndependentTargetsInParallel = 1;
				LastSwiftUpdateCheck = 1300;
				LastUpgradeCheck = 1300;
				TargetAttributes = {
					09F35D8826FA51AB00966B20 = {
						CreatedOnToolsVersion = 13.0;
					};
				};
			};
			buildConfigurationList = 09F35D8426FA51AB00966B20 /* Build configuration list for PBXProject "Client" */;
			compatibilityVersion = "Xcode 13.0";
			developmentRegion = en;
			hasScannedForEncodings = 0;
			knownRegions = (
				en,
				Base,
			);
			mainGroup = 09F35D8026FA51AB00966B20;
			productRefGroup = 09F35D8A26FA51AB00966B20 /* Products */;
			projectDirPath = "";
			projectRoot = "";
			targets = (
				09F35D8826FA51AB00966B20 /* Client */,
			);
		};
/* End PBXProject section */

/* Begin PBXResourcesBuildPhase section */
		09F35D8726FA51AB00966B20 /* Resources */ = {
			isa = PBXResourcesBuildPhase;
			buildActionMask = 2147483647;
			files = (
				09F35D9426FA51AC00966B20 /* Preview Assets.xcassets in Resources */,
				09F35D9126FA51AC00966B20 /* Assets.xcassets in Resources */,
			);
			runOnlyForDeploymentPostprocessing = 0;
		};
/* End PBXResourcesBuildPhase section */

/* Begin PBXSourcesBuildPhase section */
		09F35D8526FA51AB00966B20 /* Sources */ = {
			isa = PBXSourcesBuildPhase;
			buildActionMask = 2147483647;
			files = (
				093DD25F272BB44500B9C01F /* NetworkManager.swift in Sources */,
				09788D132765418700B65611 /* FirstView.swift in Sources */,
				09134BF027437408001DE64F /* PageDataMode.swift in Sources */,
				09F35D8F26FA51AB00966B20 /* RootView.swift in Sources */,
				09A057FA274B836500A6B757 /* PageBuilder.swift in Sources */,
				09788D1527654B8000B65611 /* SecondView.swift in Sources */,
				09134BF2274374A4001DE64F /* ComponentDataModel.swift in Sources */,
				09A057FC274C942F00A6B757 /* ItemDataModel.swift in Sources */,
				09A05802274C974B00A6B757 /* LabelViewModel.swift in Sources */,
				09A057FF274C972400A6B757 /* LabelView.swift in Sources */,
				09F35D8D26FA51AB00966B20 /* ClientApp.swift in Sources */,
			);
			runOnlyForDeploymentPostprocessing = 0;
		};
/* End PBXSourcesBuildPhase section */

/* Begin XCBuildConfiguration section */
		09F35D9526FA51AC00966B20 /* Debug */ = {
			isa = XCBuildConfiguration;
			buildSettings = {
				ALWAYS_SEARCH_USER_PATHS = NO;
				CLANG_ANALYZER_NONNULL = YES;
				CLANG_ANALYZER_NUMBER_OBJECT_CONVERSION = YES_AGGRESSIVE;
				CLANG_CXX_LANGUAGE_STANDARD = "gnu++17";
				CLANG_CXX_LIBRARY = "libc++";
				CLANG_ENABLE_MODULES = YES;
				CLANG_ENABLE_OBJC_ARC = YES;
				CLANG_ENABLE_OBJC_WEAK = YES;
				CLANG_WARN_BLOCK_CAPTURE_AUTORELEASING = YES;
				CLANG_WARN_BOOL_CONVERSION = YES;
				CLANG_WARN_COMMA = YES;
				CLANG_WARN_CONSTANT_CONVERSION = YES;
				CLANG_WARN_DEPRECATED_OBJC_IMPLEMENTATIONS = YES;
				CLANG_WARN_DIRECT_OBJC_ISA_USAGE = YES_ERROR;
				CLANG_WARN_DOCUMENTATION_COMMENTS = YES;
				CLANG_WARN_EMPTY_BODY = YES;
				CLANG_WARN_ENUM_CONVERSION = YES;
				CLANG_WARN_INFINITE_RECURSION = YES;
				CLANG_WARN_INT_CONVERSION = YES;
				CLANG_WARN_NON_LITERAL_NULL_CONVERSION = YES;
				CLANG_WARN_OBJC_IMPLICIT_RETAIN_SELF = YES;
				CLANG_WARN_OBJC_LITERAL_CONVERSION = YES;
				CLANG_WARN_OBJC_ROOT_CLASS = YES_ERROR;
				CLANG_WARN_QUOTED_INCLUDE_IN_FRAMEWORK_HEADER = YES;
				CLANG_WARN_RANGE_LOOP_ANALYSIS = YES;
				CLANG_WARN_STRICT_PROTOTYPES = YES;
				CLANG_WARN_SUSPICIOUS_MOVE = YES;
				CLANG_WARN_UNGUARDED_AVAILABILITY = YES_AGGRESSIVE;
				CLANG_WARN_UNREACHABLE_CODE = YES;
				CLANG_WARN__DUPLICATE_METHOD_MATCH = YES;
				COPY_PHASE_STRIP = NO;
				DEBUG_INFORMATION_FORMAT = dwarf;
				ENABLE_STRICT_OBJC_MSGSEND = YES;
				ENABLE_TESTABILITY = YES;
				GCC_C_LANGUAGE_STANDARD = gnu11;
				GCC_DYNAMIC_NO_PIC = NO;
				GCC_NO_COMMON_BLOCKS = YES;
				GCC_OPTIMIZATION_LEVEL = 0;
				GCC_PREPROCESSOR_DEFINITIONS = (
					"DEBUG=1",
					"$(inherited)",
				);
				GCC_WARN_64_TO_32_BIT_CONVERSION = YES;
				GCC_WARN_ABOUT_RETURN_TYPE = YES_ERROR;
				GCC_WARN_UNDECLARED_SELECTOR = YES;
				GCC_WARN_UNINITIALIZED_AUTOS = YES_AGGRESSIVE;
				GCC_WARN_UNUSED_FUNCTION = YES;
				GCC_WARN_UNUSED_VARIABLE = YES;
				IPHONEOS_DEPLOYMENT_TARGET = 15.0;
				MTL_ENABLE_DEBUG_INFO = INCLUDE_SOURCE;
				MTL_FAST_MATH = YES;
				ONLY_ACTIVE_ARCH = YES;
				SDKROOT = iphoneos;
				SWIFT_ACTIVE_COMPILATION_CONDITIONS = DEBUG;
				SWIFT_OPTIMIZATION_LEVEL = "-Onone";
			};
			name = Debug;
		};
		09F35D9626FA51AC00966B20 /* Release */ = {
			isa = XCBuildConfiguration;
			buildSettings = {
				ALWAYS_SEARCH_USER_PATHS = NO;
				CLANG_ANALYZER_NONNULL = YES;
				CLANG_ANALYZER_NUMBER_OBJECT_CONVERSION = YES_AGGRESSIVE;
				CLANG_CXX_LANGUAGE_STANDARD = "gnu++17";
				CLANG_CXX_LIBRARY = "libc++";
				CLANG_ENABLE_MODULES = YES;
				CLANG_ENABLE_OBJC_ARC = YES;
				CLANG_ENABLE_OBJC_WEAK = YES;
				CLANG_WARN_BLOCK_CAPTURE_AUTORELEASING = YES;
				CLANG_WARN_BOOL_CONVERSION = YES;
				CLANG_WARN_COMMA = YES;
				CLANG_WARN_CONSTANT_CONVERSION = YES;
				CLANG_WARN_DEPRECATED_OBJC_IMPLEMENTATIONS = YES;
				CLANG_WARN_DIRECT_OBJC_ISA_USAGE = YES_ERROR;
				CLANG_WARN_DOCUMENTATION_COMMENTS = YES;
				CLANG_WARN_EMPTY_BODY = YES;
				CLANG_WARN_ENUM_CONVERSION = YES;
				CLANG_WARN_INFINITE_RECURSION = YES;
				CLANG_WARN_INT_CONVERSION = YES;
				CLANG_WARN_NON_LITERAL_NULL_CONVERSION = YES;
				CLANG_WARN_OBJC_IMPLICIT_RETAIN_SELF = YES;
				CLANG_WARN_OBJC_LITERAL_CONVERSION = YES;
				CLANG_WARN_OBJC_ROOT_CLASS = YES_ERROR;
				CLANG_WARN_QUOTED_INCLUDE_IN_FRAMEWORK_HEADER = YES;
				CLANG_WARN_RANGE_LOOP_ANALYSIS = YES;
				CLANG_WARN_STRICT_PROTOTYPES = YES;
				CLANG_WARN_SUSPICIOUS_MOVE = YES;
				CLANG_WARN_UNGUARDED_AVAILABILITY = YES_AGGRESSIVE;
				CLANG_WARN_UNREACHABLE_CODE = YES;
				CLANG_WARN__DUPLICATE_METHOD_MATCH = YES;
				COPY_PHASE_STRIP = NO;
				DEBUG_INFORMATION_FORMAT = "dwarf-with-dsym";
				ENABLE_NS_ASSERTIONS = NO;
				ENABLE_STRICT_OBJC_MSGSEND = YES;
				GCC_C_LANGUAGE_STANDARD = gnu11;
				GCC_NO_COMMON_BLOCKS = YES;
				GCC_WARN_64_TO_32_BIT_CONVERSION = YES;
				GCC_WARN_ABOUT_RETURN_TYPE = YES_ERROR;
				GCC_WARN_UNDECLARED_SELECTOR = YES;
				GCC_WARN_UNINITIALIZED_AUTOS = YES_AGGRESSIVE;
				GCC_WARN_UNUSED_FUNCTION = YES;
				GCC_WARN_UNUSED_VARIABLE = YES;
				IPHONEOS_DEPLOYMENT_TARGET = 15.0;
				MTL_ENABLE_DEBUG_INFO = NO;
				MTL_FAST_MATH = YES;
				SDKROOT = iphoneos;
				SWIFT_COMPILATION_MODE = wholemodule;
				SWIFT_OPTIMIZATION_LEVEL = "-O";
				VALIDATE_PRODUCT = YES;
			};
			name = Release;
		};
		09F35D9826FA51AC00966B20 /* Debug */ = {
			isa = XCBuildConfiguration;
			buildSettings = {
				ASSETCATALOG_COMPILER_APPICON_NAME = AppIcon;
				ASSETCATALOG_COMPILER_GLOBAL_ACCENT_COLOR_NAME = AccentColor;
				CODE_SIGN_STYLE = Automatic;
				CURRENT_PROJECT_VERSION = 1;
				DEVELOPMENT_ASSET_PATHS = "\"Client/Preview Content\"";
				DEVELOPMENT_TEAM = 5DK4D2FE76;
				ENABLE_PREVIEWS = YES;
				GENERATE_INFOPLIST_FILE = YES;
				INFOPLIST_KEY_UIApplicationSceneManifest_Generation = YES;
				INFOPLIST_KEY_UIApplicationSupportsIndirectInputEvents = YES;
				INFOPLIST_KEY_UILaunchScreen_Generation = YES;
				INFOPLIST_KEY_UISupportedInterfaceOrientations_iPad = "UIInterfaceOrientationPortrait UIInterfaceOrientationPortraitUpsideDown UIInterfaceOrientationLandscapeLeft UIInterfaceOrientationLandscapeRight";
				INFOPLIST_KEY_UISupportedInterfaceOrientations_iPhone = "UIInterfaceOrientationPortrait UIInterfaceOrientationLandscapeLeft UIInterfaceOrientationLandscapeRight";
				IPHONEOS_DEPLOYMENT_TARGET = 14.0;
				LD_RUNPATH_SEARCH_PATHS = (
					"$(inherited)",
					"@executable_path/Frameworks",
				);
				MARKETING_VERSION = 1.0;
				PRODUCT_BUNDLE_IDENTIFIER = com.Shuangquan.Client;
				PRODUCT_NAME = "$(TARGET_NAME)";
				SWIFT_EMIT_LOC_STRINGS = YES;
				SWIFT_VERSION = 5.0;
				TARGETED_DEVICE_FAMILY = "1,2";
			};
			name = Debug;
		};
		09F35D9926FA51AC00966B20 /* Release */ = {
			isa = XCBuildConfiguration;
			buildSettings = {
				ASSETCATALOG_COMPILER_APPICON_NAME = AppIcon;
				ASSETCATALOG_COMPILER_GLOBAL_ACCENT_COLOR_NAME = AccentColor;
				CODE_SIGN_STYLE = Automatic;
				CURRENT_PROJECT_VERSION = 1;
				DEVELOPMENT_ASSET_PATHS = "\"Client/Preview Content\"";
				DEVELOPMENT_TEAM = 5DK4D2FE76;
				ENABLE_PREVIEWS = YES;
				GENERATE_INFOPLIST_FILE = YES;
				INFOPLIST_KEY_UIApplicationSceneManifest_Generation = YES;
				INFOPLIST_KEY_UIApplicationSupportsIndirectInputEvents = YES;
				INFOPLIST_KEY_UILaunchScreen_Generation = YES;
				INFOPLIST_KEY_UISupportedInterfaceOrientations_iPad = "UIInterfaceOrientationPortrait UIInterfaceOrientationPortraitUpsideDown UIInterfaceOrientationLandscapeLeft UIInterfaceOrientationLandscapeRight";
				INFOPLIST_KEY_UISupportedInterfaceOrientations_iPhone = "UIInterfaceOrientationPortrait UIInterfaceOrientationLandscapeLeft UIInterfaceOrientationLandscapeRight";
				IPHONEOS_DEPLOYMENT_TARGET = 14.0;
				LD_RUNPATH_SEARCH_PATHS = (
					"$(inherited)",
					"@executable_path/Frameworks",
				);
				MARKETING_VERSION = 1.0;
				PRODUCT_BUNDLE_IDENTIFIER = com.Shuangquan.Client;
				PRODUCT_NAME = "$(TARGET_NAME)";
				SWIFT_EMIT_LOC_STRINGS = YES;
				SWIFT_VERSION = 5.0;
				TARGETED_DEVICE_FAMILY = "1,2";
			};
			name = Release;
		};
/* End XCBuildConfiguration section */

/* Begin XCConfigurationList section */
		09F35D8426FA51AB00966B20 /* Build configuration list for PBXProject "Client" */ = {
			isa = XCConfigurationList;
			buildConfigurations = (
				09F35D9526FA51AC00966B20 /* Debug */,
				09F35D9626FA51AC00966B20 /* Release */,
			);
			defaultConfigurationIsVisible = 0;
			defaultConfigurationName = Release;
		};
		09F35D9726FA51AC00966B20 /* Build configuration list for PBXNativeTarget "Client" */ = {
			isa = XCConfigurationList;
			buildConfigurations = (
				09F35D9826FA51AC00966B20 /* Debug */,
				09F35D9926FA51AC00966B20 /* Release */,
			);
			defaultConfigurationIsVisible = 0;
			defaultConfigurationName = Release;
		};
/* End XCConfigurationList section */
	};
	rootObject = 09F35D8126FA51AB00966B20 /* Project object */;
}
